
Microsoft Visual Studio Solution File, Format Version 12.00
# Visual Studio 2012
# SharpDevelop 5.0
VisualStudioVersion = 12.0.20827.3
MinimumVisualStudioVersion = 10.0.40219.1
Project("{FAE04EC0-301F-11D3-BF4B-00C04F79EFBC}") = "totoUtil", "totoUtil\totoUtil.csproj", "{91190D9B-CD31-4E95-8E5E-AE905D5AD625}"
EndProject
Project("{FAE04EC0-301F-11D3-BF4B-00C04F79EFBC}") = "cmdUtils", "cmdUtils\cmdUtils.csproj", "{82161C4E-7D1B-4168-B4FB-5916BC45348B}"
EndProject
Project("{FAE04EC0-301F-11D3-BF4B-00C04F79EFBC}") = "MoulUtil", "MoulUtil\MoulUtil.csproj", "{880EF030-A914-4C46-88BA-E83D9D37F69C}"
EndProject
Project("{FAE04EC0-301F-11D3-BF4B-00C04F79EFBC}") = "TestSSH", "TestSSH\TestSSH.csproj", "{E35A62A8-BEFF-43BB-AAC4-FE1EC7700B30}"
EndProject
Project("{FAE04EC0-301F-11D3-BF4B-00C04F79EFBC}") = "TestUtil", "TestUtil\TestUtil.csproj", "{C57D8106-3550-4E68-9CD2-ADD550B7ED56}"
EndProject
Project("{FAE04EC0-301F-11D3-BF4B-00C04F79EFBC}") = "TestEditorUtil", "TestEditorUtil\TestEditorUtil.csproj", "{FC0ACDD1-CA8D-4E30-9120-3122102F020A}"
EndProject
Project("{2150E333-8FDC-42A3-9474-1A3956D46DE8}") = "TestUnitaires", "TestUnitaires", "{97048693-F8F9-4883-B9A8-69A19C7EC324}"
EndProject
Project("{FAE04EC0-301F-11D3-BF4B-00C04F79EFBC}") = "TestSQLOverSSH", "TestSQLOverSSH\TestSQLOverSSH.csproj", "{9634EB7C-98F4-4016-84D7-14FE9FBDAB63}"
EndProject
Project("{FAE04EC0-301F-11D3-BF4B-00C04F79EFBC}") = "testCrypt", "testCrypt\testCrypt.csproj", "{9717C934-D2CE-42B2-BD7E-BBC02AE05D29}"
EndProject
Project("{FAE04EC0-301F-11D3-BF4B-00C04F79EFBC}") = "testBW", "testBW\testBW.csproj", "{8B1F439F-F39A-493E-9FD1-543FEDEA048C}"
EndProject
Project("{FAE04EC0-301F-11D3-BF4B-00C04F79EFBC}") = "testLogger", "testLogger\testLogger.csproj", "{6B23EC7C-74EE-47BE-B46B-352D128F9B38}"
EndProject
Project("{FAE04EC0-301F-11D3-BF4B-00C04F79EFBC}") = "EcUtil", "EcUtil\EcUtil.csproj", "{91DCEBE9-2B09-4172-920D-E9339B4C3000}"
EndProject
Project("{2150E333-8FDC-42A3-9474-1A3956D46DE8}") = "Installer", "Installer", "{60781EBD-B300-4F0F-919B-4B706DD6ECE6}"
EndProject
Project("{CFEE4113-1246-4D54-95CB-156813CB8593}") = "Installer", "Installer\Installer.wixproj", "{BAFEF904-BE39-44DF-8412-9BA5E2FBCE64}"
EndProject
Global
	GlobalSection(SolutionConfigurationPlatforms) = preSolution
		Debug|Any CPU = Debug|Any CPU
		Release|Any CPU = Release|Any CPU
	EndGlobalSection
	GlobalSection(ProjectConfigurationPlatforms) = postSolution
		{91190D9B-CD31-4E95-8E5E-AE905D5AD625}.Debug|Any CPU.ActiveCfg = Debug|Any CPU
		{91190D9B-CD31-4E95-8E5E-AE905D5AD625}.Debug|Any CPU.Build.0 = Debug|Any CPU
		{91190D9B-CD31-4E95-8E5E-AE905D5AD625}.Release|Any CPU.ActiveCfg = Release|Any CPU
		{91190D9B-CD31-4E95-8E5E-AE905D5AD625}.Release|Any CPU.Build.0 = Release|Any CPU
		{82161C4E-7D1B-4168-B4FB-5916BC45348B}.Debug|Any CPU.ActiveCfg = Debug|Any CPU
		{82161C4E-7D1B-4168-B4FB-5916BC45348B}.Debug|Any CPU.Build.0 = Debug|Any CPU
		{82161C4E-7D1B-4168-B4FB-5916BC45348B}.Release|Any CPU.ActiveCfg = Release|Any CPU
		{82161C4E-7D1B-4168-B4FB-5916BC45348B}.Release|Any CPU.Build.0 = Release|Any CPU
		{880EF030-A914-4C46-88BA-E83D9D37F69C}.Debug|Any CPU.ActiveCfg = Debug|Any CPU
		{880EF030-A914-4C46-88BA-E83D9D37F69C}.Debug|Any CPU.Build.0 = Debug|Any CPU
		{880EF030-A914-4C46-88BA-E83D9D37F69C}.Release|Any CPU.ActiveCfg = Release|Any CPU
		{880EF030-A914-4C46-88BA-E83D9D37F69C}.Release|Any CPU.Build.0 = Release|Any CPU
		{E35A62A8-BEFF-43BB-AAC4-FE1EC7700B30}.Debug|Any CPU.ActiveCfg = Debug|Any CPU
		{E35A62A8-BEFF-43BB-AAC4-FE1EC7700B30}.Debug|Any CPU.Build.0 = Debug|Any CPU
		{E35A62A8-BEFF-43BB-AAC4-FE1EC7700B30}.Release|Any CPU.ActiveCfg = Release|Any CPU
		{E35A62A8-BEFF-43BB-AAC4-FE1EC7700B30}.Release|Any CPU.Build.0 = Release|Any CPU
		{C57D8106-3550-4E68-9CD2-ADD550B7ED56}.Debug|Any CPU.ActiveCfg = Debug|Any CPU
		{C57D8106-3550-4E68-9CD2-ADD550B7ED56}.Debug|Any CPU.Build.0 = Debug|Any CPU
		{C57D8106-3550-4E68-9CD2-ADD550B7ED56}.Release|Any CPU.ActiveCfg = Release|Any CPU
		{C57D8106-3550-4E68-9CD2-ADD550B7ED56}.Release|Any CPU.Build.0 = Release|Any CPU
		{FC0ACDD1-CA8D-4E30-9120-3122102F020A}.Debug|Any CPU.ActiveCfg = Debug|Any CPU
		{FC0ACDD1-CA8D-4E30-9120-3122102F020A}.Debug|Any CPU.Build.0 = Debug|Any CPU
		{FC0ACDD1-CA8D-4E30-9120-3122102F020A}.Release|Any CPU.ActiveCfg = Release|Any CPU
		{FC0ACDD1-CA8D-4E30-9120-3122102F020A}.Release|Any CPU.Build.0 = Release|Any CPU
		{9634EB7C-98F4-4016-84D7-14FE9FBDAB63}.Debug|Any CPU.ActiveCfg = Debug|Any CPU
		{9634EB7C-98F4-4016-84D7-14FE9FBDAB63}.Debug|Any CPU.Build.0 = Debug|Any CPU
		{9634EB7C-98F4-4016-84D7-14FE9FBDAB63}.Release|Any CPU.ActiveCfg = Release|Any CPU
		{9634EB7C-98F4-4016-84D7-14FE9FBDAB63}.Release|Any CPU.Build.0 = Release|Any CPU
		{9717C934-D2CE-42B2-BD7E-BBC02AE05D29}.Debug|Any CPU.ActiveCfg = Debug|Any CPU
		{9717C934-D2CE-42B2-BD7E-BBC02AE05D29}.Debug|Any CPU.Build.0 = Debug|Any CPU
		{9717C934-D2CE-42B2-BD7E-BBC02AE05D29}.Release|Any CPU.ActiveCfg = Release|Any CPU
		{9717C934-D2CE-42B2-BD7E-BBC02AE05D29}.Release|Any CPU.Build.0 = Release|Any CPU
		{8B1F439F-F39A-493E-9FD1-543FEDEA048C}.Debug|Any CPU.ActiveCfg = Debug|Any CPU
		{8B1F439F-F39A-493E-9FD1-543FEDEA048C}.Debug|Any CPU.Build.0 = Debug|Any CPU
		{8B1F439F-F39A-493E-9FD1-543FEDEA048C}.Release|Any CPU.ActiveCfg = Release|Any CPU
		{8B1F439F-F39A-493E-9FD1-543FEDEA048C}.Release|Any CPU.Build.0 = Release|Any CPU
		{91DCEBE9-2B09-4172-920D-E9339B4C3000}.Debug|Any CPU.ActiveCfg = Debug|Any CPU
		{91DCEBE9-2B09-4172-920D-E9339B4C3000}.Debug|Any CPU.Build.0 = Debug|Any CPU
		{91DCEBE9-2B09-4172-920D-E9339B4C3000}.Release|Any CPU.ActiveCfg = Release|Any CPU
		{91DCEBE9-2B09-4172-920D-E9339B4C3000}.Release|Any CPU.Build.0 = Release|Any CPU
		{BAFEF904-BE39-44DF-8412-9BA5E2FBCE64}.Debug|Any CPU.ActiveCfg = Debug|Any CPU
		{BAFEF904-BE39-44DF-8412-9BA5E2FBCE64}.Debug|Any CPU.Build.0 = Debug|Any CPU
		{BAFEF904-BE39-44DF-8412-9BA5E2FBCE64}.Release|Any CPU.ActiveCfg = Release|Any CPU
		{BAFEF904-BE39-44DF-8412-9BA5E2FBCE64}.Release|Any CPU.Build.0 = Release|Any CPU
		{6B23EC7C-74EE-47BE-B46B-352D128F9B38}.Debug|Any CPU.ActiveCfg = Debug|Any CPU
		{6B23EC7C-74EE-47BE-B46B-352D128F9B38}.Debug|Any CPU.Build.0 = Debug|Any CPU
		{6B23EC7C-74EE-47BE-B46B-352D128F9B38}.Release|Any CPU.ActiveCfg = Release|Any CPU
		{6B23EC7C-74EE-47BE-B46B-352D128F9B38}.Release|Any CPU.Build.0 = Release|Any CPU
	EndGlobalSection
	GlobalSection(NestedProjects) = preSolution
		{9634EB7C-98F4-4016-84D7-14FE9FBDAB63} = {97048693-F8F9-4883-B9A8-69A19C7EC324}
		{9717C934-D2CE-42B2-BD7E-BBC02AE05D29} = {97048693-F8F9-4883-B9A8-69A19C7EC324}
		{8B1F439F-F39A-493E-9FD1-543FEDEA048C} = {97048693-F8F9-4883-B9A8-69A19C7EC324}
		{6B23EC7C-74EE-47BE-B46B-352D128F9B38} = {97048693-F8F9-4883-B9A8-69A19C7EC324}
		{BAFEF904-BE39-44DF-8412-9BA5E2FBCE64} = {60781EBD-B300-4F0F-919B-4B706DD6ECE6}
	EndGlobalSection
EndGlobal
